
Microsoft Visual Studio Solution File, Format Version 12.00
# Visual Studio Version 16
VisualStudioVersion = 16.0.31005.135
MinimumVisualStudioVersion = 10.0.40219.1
Project("{9A19103F-16F7-4668-BE54-9A1E7A4F7556}") = "PromoCode.Api", "PromoCodeApi\PromoCode.Api.csproj", "{3D4B2304-6764-45E6-B75B-5923406BCF63}"
EndProject
Project("{FAE04EC0-301F-11D3-BF4B-00C04F79EFBC}") = "PromoCode.Repository", "PromoCode.Repository\PromoCode.Repository.csproj", "{58DCE08F-9D75-472E-A9F1-CD64878F196A}"
EndProject
Project("{FAE04EC0-301F-11D3-BF4B-00C04F79EFBC}") = "PromoCode.Model", "PromoCode.Model\PromoCode.Model.csproj", "{1BEA9639-D4E3-452B-BD9E-106519109914}"
EndProject
Project("{FAE04EC0-301F-11D3-BF4B-00C04F79EFBC}") = "PromoCode.Services", "PromoCode.Services\PromoCode.Services.csproj", "{35E646D5-7BA5-451A-B999-6B4E5B84E3FE}"
EndProject
Global
	GlobalSection(SolutionConfigurationPlatforms) = preSolution
		Debug|Any CPU = Debug|Any CPU
		Release|Any CPU = Release|Any CPU
	EndGlobalSection
	GlobalSection(ProjectConfigurationPlatforms) = postSolution
		{3D4B2304-6764-45E6-B75B-5923406BCF63}.Debug|Any CPU.ActiveCfg = Debug|Any CPU
		{3D4B2304-6764-45E6-B75B-5923406BCF63}.Debug|Any CPU.Build.0 = Debug|Any CPU
		{3D4B2304-6764-45E6-B75B-5923406BCF63}.Release|Any CPU.ActiveCfg = Release|Any CPU
		{3D4B2304-6764-45E6-B75B-5923406BCF63}.Release|Any CPU.Build.0 = Release|Any CPU
		{58DCE08F-9D75-472E-A9F1-CD64878F196A}.Debug|Any CPU.ActiveCfg = Debug|Any CPU
		{58DCE08F-9D75-472E-A9F1-CD64878F196A}.Debug|Any CPU.Build.0 = Debug|Any CPU
		{58DCE08F-9D75-472E-A9F1-CD64878F196A}.Release|Any CPU.ActiveCfg = Release|Any CPU
		{58DCE08F-9D75-472E-A9F1-CD64878F196A}.Release|Any CPU.Build.0 = Release|Any CPU
		{1BEA9639-D4E3-452B-BD9E-106519109914}.Debug|Any CPU.ActiveCfg = Debug|Any CPU
		{1BEA9639-D4E3-452B-BD9E-106519109914}.Debug|Any CPU.Build.0 = Debug|Any CPU
		{1BEA9639-D4E3-452B-BD9E-106519109914}.Release|Any CPU.ActiveCfg = Release|Any CPU
		{1BEA9639-D4E3-452B-BD9E-106519109914}.Release|Any CPU.Build.0 = Release|Any CPU
		{35E646D5-7BA5-451A-B999-6B4E5B84E3FE}.Debug|Any CPU.ActiveCfg = Debug|Any CPU
		{35E646D5-7BA5-451A-B999-6B4E5B84E3FE}.Debug|Any CPU.Build.0 = Debug|Any CPU
		{35E646D5-7BA5-451A-B999-6B4E5B84E3FE}.Release|Any CPU.ActiveCfg = Release|Any CPU
		{35E646D5-7BA5-451A-B999-6B4E5B84E3FE}.Release|Any CPU.Build.0 = Release|Any CPU
	EndGlobalSection
	GlobalSection(SolutionProperties) = preSolution
		HideSolutionNode = FALSE
	EndGlobalSection
	GlobalSection(ExtensibilityGlobals) = postSolution
		SolutionGuid = {BBAB7C14-CA0E-49CB-BEBB-4CD2921024A5}
	EndGlobalSection
EndGlobal
